
Microsoft Visual Studio Solution File, Format Version 12.00
# Visual Studio Version 16
VisualStudioVersion = 16.0.30204.135
MinimumVisualStudioVersion = 10.0.40219.1
Project("{FAE04EC0-301F-11D3-BF4B-00C04F79EFBC}") = "ApiMysql", "ApiMysql\ApiMysql.csproj", "{206141FD-34F4-4426-A93F-E344C8EEBC99}"
EndProject
Global
	GlobalSection(SolutionConfigurationPlatforms) = preSolution
		Debug|Any CPU = Debug|Any CPU
		Release|Any CPU = Release|Any CPU
	EndGlobalSection
	GlobalSection(ProjectConfigurationPlatforms) = postSolution
		{206141FD-34F4-4426-A93F-E344C8EEBC99}.Debug|Any CPU.ActiveCfg = Debug|Any CPU
		{206141FD-34F4-4426-A93F-E344C8EEBC99}.Debug|Any CPU.Build.0 = Debug|Any CPU
		{206141FD-34F4-4426-A93F-E344C8EEBC99}.Release|Any CPU.ActiveCfg = Release|Any CPU
		{206141FD-34F4-4426-A93F-E344C8EEBC99}.Release|Any CPU.Build.0 = Release|Any CPU
	EndGlobalSection
	GlobalSection(SolutionProperties) = preSolution
		HideSolutionNode = FALSE
	EndGlobalSection
	GlobalSection(ExtensibilityGlobals) = postSolution
		SolutionGuid = {02C46538-D34D-4BAA-B8A1-A5623E512E06}
	EndGlobalSection
EndGlobal
