
Microsoft Visual Studio Solution File, Format Version 12.00
# Visual Studio Version 16
VisualStudioVersion = 16.0.30204.135
MinimumVisualStudioVersion = 10.0.40219.1
Project("{FAE04EC0-301F-11D3-BF4B-00C04F79EFBC}") = "EvaluApp.Mobile", "EvaluApp.Mobile\EvaluApp.Mobile\EvaluApp.Mobile.csproj", "{29A4674B-6AC4-41FE-87A4-A4228BC56937}"
EndProject
Project("{FAE04EC0-301F-11D3-BF4B-00C04F79EFBC}") = "EvaluApp.Mobile.Android", "EvaluApp.Mobile\EvaluApp.Mobile.Android\EvaluApp.Mobile.Android.csproj", "{78694F52-C262-4F5E-B735-4B7DBF92687A}"
EndProject
Global
	GlobalSection(SolutionConfigurationPlatforms) = preSolution
		Debug|Any CPU = Debug|Any CPU
		Release|Any CPU = Release|Any CPU
	EndGlobalSection
	GlobalSection(ProjectConfigurationPlatforms) = postSolution
		{29A4674B-6AC4-41FE-87A4-A4228BC56937}.Debug|Any CPU.ActiveCfg = Debug|Any CPU
		{29A4674B-6AC4-41FE-87A4-A4228BC56937}.Debug|Any CPU.Build.0 = Debug|Any CPU
		{29A4674B-6AC4-41FE-87A4-A4228BC56937}.Release|Any CPU.ActiveCfg = Release|Any CPU
		{29A4674B-6AC4-41FE-87A4-A4228BC56937}.Release|Any CPU.Build.0 = Release|Any CPU
		{78694F52-C262-4F5E-B735-4B7DBF92687A}.Debug|Any CPU.ActiveCfg = Debug|Any CPU
		{78694F52-C262-4F5E-B735-4B7DBF92687A}.Debug|Any CPU.Build.0 = Debug|Any CPU
		{78694F52-C262-4F5E-B735-4B7DBF92687A}.Debug|Any CPU.Deploy.0 = Debug|Any CPU
		{78694F52-C262-4F5E-B735-4B7DBF92687A}.Release|Any CPU.ActiveCfg = Release|Any CPU
		{78694F52-C262-4F5E-B735-4B7DBF92687A}.Release|Any CPU.Build.0 = Release|Any CPU
		{78694F52-C262-4F5E-B735-4B7DBF92687A}.Release|Any CPU.Deploy.0 = Release|Any CPU
	EndGlobalSection
	GlobalSection(SolutionProperties) = preSolution
		HideSolutionNode = FALSE
	EndGlobalSection
	GlobalSection(ExtensibilityGlobals) = postSolution
		SolutionGuid = {57557839-9E8F-4615-A222-26DBEAE051F5}
	EndGlobalSection
EndGlobal
